<?xml version="1.0" encoding="utf-8"?>
<Project xmlns="http://schemas.microsoft.com/developer/msbuild/2003">
  <ItemGroup>
    <Filter Include="Form Files">
      <UniqueIdentifier>{99349809-55BA-4b9d-BF79-8FDBB0286EB3}</UniqueIdentifier>
      <Extensions>ui</Extensions>
      <ParseFiles>false</ParseFiles>
    </Filter>
    <Filter Include="Form Files">
      <UniqueIdentifier>{99349809-55BA-4b9d-BF79-8FDBB0286EB3}</UniqueIdentifier>
      <Extensions>ui</Extensions>
      <ParseFiles>false</ParseFiles>
    </Filter>
    <Filter Include="Generated Files">
      <UniqueIdentifier>{71ED8ED8-ACB9-4CE9-BBE1-E00B30144E11}</UniqueIdentifier>
      <Extensions>cpp;c;cxx;moc;h;def;odl;idl;res;</Extensions>
    </Filter>
    <Filter Include="Generated Files">
      <UniqueIdentifier>{71ED8ED8-ACB9-4CE9-BBE1-E00B30144E11}</UniqueIdentifier>
      <Extensions>cpp;c;cxx;moc;h;def;odl;idl;res;</Extensions>
    </Filter>
    <Filter Include="Header Files">
      <UniqueIdentifier>{93995380-89BD-4b04-88EB-625FBE52EBFB}</UniqueIdentifier>
      <Extensions>h;hpp;hxx;hm;inl;inc;xsd</Extensions>
    </Filter>
    <Filter Include="Header Files">
      <UniqueIdentifier>{93995380-89BD-4b04-88EB-625FBE52EBFB}</UniqueIdentifier>
      <Extensions>h;hpp;hxx;hm;inl;inc;xsd</Extensions>
    </Filter>
    <Filter Include="Source Files">
      <UniqueIdentifier>{4FC737F1-C7A5-4376-A066-2A32D752A2FF}</UniqueIdentifier>
      <Extensions>cpp;c;cxx;def;odl;idl;hpj;bat;asm;asmx</Extensions>
    </Filter>
    <Filter Include="Source Files">
      <UniqueIdentifier>{4FC737F1-C7A5-4376-A066-2A32D752A2FF}</UniqueIdentifier>
      <Extensions>cpp;c;cxx;def;odl;idl;hpj;bat;asm;asmx</Extensions>
    </Filter>
    <Filter Include="Distribution Files">
      <UniqueIdentifier>{B83CAF91-C7BF-462F-B76C-EA11631F866C}</UniqueIdentifier>
      <Extensions>*</Extensions>
      <ParseFiles>false</ParseFiles>
    </Filter>
    <Filter Include="Distribution Files">
      <UniqueIdentifier>{B83CAF91-C7BF-462F-B76C-EA11631F866C}</UniqueIdentifier>
      <Extensions>*</Extensions>
      <ParseFiles>false</ParseFiles>
    </Filter>
  </ItemGroup>
  <ItemGroup>
    <ClCompile Include="SDKs\RadeonRays\CLWCommandQueue.cpp">
      <Filter>Source Files</Filter>
    </ClCompile>
    <ClCompile Include="SDKs\RadeonRays\CLWContext.cpp">
      <Filter>Source Files</Filter>
    </ClCompile>
    <ClCompile Include="SDKs\RadeonRays\CLWDevice.cpp">
      <Filter>Source Files</Filter>
    </ClCompile>
    <ClCompile Include="SDKs\RadeonRays\CLWEvent.cpp">
      <Filter>Source Files</Filter>
    </ClCompile>
    <ClCompile Include="SDKs\RadeonRays\CLWImage2D.cpp">
      <Filter>Source Files</Filter>
    </ClCompile>
    <ClCompile Include="SDKs\RadeonRays\CLWKernel.cpp">
      <Filter>Source Files</Filter>
    </ClCompile>
    <ClCompile Include="SDKs\RadeonRays\CLWParallelPrimitives.cpp">
      <Filter>Source Files</Filter>
    </ClCompile>
    <ClCompile Include="SDKs\RadeonRays\CLWPlatform.cpp">
      <Filter>Source Files</Filter>
    </ClCompile>
    <ClCompile Include="SDKs\RadeonRays\CLWProgram.cpp">
      <Filter>Source Files</Filter>
    </ClCompile>
    <ClCompile Include="SDKs\RadeonRays\ParameterHolder.cpp">
      <Filter>Source Files</Filter>
    </ClCompile>
    <ClCompile Include="SDKs\RadeonRays\ReferenceCounter.cpp">
      <Filter>Source Files</Filter>
    </ClCompile>
    <ClCompile Include="SDKs\RadeonRays\calc.cpp">
      <Filter>Source Files</Filter>
    </ClCompile>
    <ClCompile Include="SDKs\RadeonRays\calc_clw.cpp">
      <Filter>Source Files</Filter>
    </ClCompile>
    <ClCompile Include="SDKs\RadeonRays\calc_vkw.cpp">
      <Filter>Source Files</Filter>
    </ClCompile>
    <ClCompile Include="SDKs\RadeonRays\device_clw.cpp">
      <Filter>Source Files</Filter>
    </ClCompile>
    <ClCompile Include="SDKs\RadeonRays\device_vkw.cpp">
      <Filter>Source Files</Filter>
    </ClCompile>
    <ClCompile Include="main.cpp">
      <Filter>Source Files</Filter>
    </ClCompile>
    <ClCompile Include="mainwindow.cpp">
      <Filter>Source Files</Filter>
    </ClCompile>
    <ClCompile Include="model.cpp">
      <Filter>Source Files</Filter>
    </ClCompile>
    <ClCompile Include="shader.cpp">
      <Filter>Source Files</Filter>
    </ClCompile>
    <ClCompile Include="texture.cpp">
      <Filter>Source Files</Filter>
    </ClCompile>
  </ItemGroup>
  <ItemGroup>
    <ClInclude Include="SDKs\RadeonRays\CLW.h">
      <Filter>Header Files</Filter>
    </ClInclude>
    <ClInclude Include="SDKs\RadeonRays\CLWBuffer.h">
      <Filter>Header Files</Filter>
    </ClInclude>
    <ClInclude Include="SDKs\RadeonRays\CLWCommandQueue.h">
      <Filter>Header Files</Filter>
    </ClInclude>
    <ClInclude Include="SDKs\RadeonRays\CLWContext.h">
      <Filter>Header Files</Filter>
    </ClInclude>
    <ClInclude Include="SDKs\RadeonRays\CLWDevice.h">
      <Filter>Header Files</Filter>
    </ClInclude>
    <ClInclude Include="SDKs\RadeonRays\CLWEvent.h">
      <Filter>Header Files</Filter>
    </ClInclude>
    <ClInclude Include="SDKs\RadeonRays\CLWExcept.h">
      <Filter>Header Files</Filter>
    </ClInclude>
    <ClInclude Include="SDKs\RadeonRays\CLWImage2D.h">
      <Filter>Header Files</Filter>
    </ClInclude>
    <ClInclude Include="SDKs\RadeonRays\CLWKernel.h">
      <Filter>Header Files</Filter>
    </ClInclude>
    <ClInclude Include="SDKs\RadeonRays\CLWParallelPrimitives.h">
      <Filter>Header Files</Filter>
    </ClInclude>
    <ClInclude Include="SDKs\RadeonRays\CLWPlatform.h">
      <Filter>Header Files</Filter>
    </ClInclude>
    <ClInclude Include="SDKs\RadeonRays\CLWProgram.h">
      <Filter>Header Files</Filter>
    </ClInclude>
    <ClInclude Include="SDKs\RadeonRays\ParameterHolder.h">
      <Filter>Header Files</Filter>
    </ClInclude>
    <ClInclude Include="SDKs\RadeonRays\ReferenceCounter.h">
      <Filter>Header Files</Filter>
    </ClInclude>
    <ClInclude Include="SDKs\RadeonRays\math\bbox.h">
      <Filter>Header Files</Filter>
    </ClInclude>
    <ClInclude Include="SDKs\RadeonRays\buffer.h">
      <Filter>Header Files</Filter>
    </ClInclude>
    <ClInclude Include="SDKs\RadeonRays\buffer_vk.h">
      <Filter>Header Files</Filter>
    </ClInclude>
    <ClInclude Include="SDKs\RadeonRays\calc.h">
      <Filter>Header Files</Filter>
    </ClInclude>
    <ClInclude Include="SDKs\RadeonRays\calc_cl.h">
      <Filter>Header Files</Filter>
    </ClInclude>
    <ClInclude Include="SDKs\RadeonRays\calc_clw.h">
      <Filter>Header Files</Filter>
    </ClInclude>
    <ClInclude Include="SDKs\RadeonRays\calc_clw_common.h">
      <Filter>Header Files</Filter>
    </ClInclude>
    <ClInclude Include="SDKs\RadeonRays\calc_common.h">
      <Filter>Header Files</Filter>
    </ClInclude>
    <ClInclude Include="SDKs\RadeonRays\calc_vk.h">
      <Filter>Header Files</Filter>
    </ClInclude>
    <ClInclude Include="SDKs\RadeonRays\calc_vkw.h">
      <Filter>Header Files</Filter>
    </ClInclude>
    <ClInclude Include="SDKs\RadeonRays\kernelcache\clwkernels_cl.h">
      <Filter>Header Files</Filter>
    </ClInclude>
    <ClInclude Include="SDKs\RadeonRays\common_vk.h">
      <Filter>Header Files</Filter>
    </ClInclude>
    <ClInclude Include="SDKs\RadeonRays\device.h">
      <Filter>Header Files</Filter>
    </ClInclude>
    <ClInclude Include="SDKs\RadeonRays\device_cl.h">
      <Filter>Header Files</Filter>
    </ClInclude>
    <ClInclude Include="SDKs\RadeonRays\device_clw.h">
      <Filter>Header Files</Filter>
    </ClInclude>
    <ClInclude Include="SDKs\RadeonRays\device_vk.h">
      <Filter>Header Files</Filter>
    </ClInclude>
    <ClInclude Include="SDKs\RadeonRays\device_vkw.h">
      <Filter>Header Files</Filter>
    </ClInclude>
    <ClInclude Include="SDKs\RadeonRays\event.h">
      <Filter>Header Files</Filter>
    </ClInclude>
    <ClInclude Include="SDKs\RadeonRays\event_vk.h">
      <Filter>Header Files</Filter>
    </ClInclude>
    <ClInclude Include="SDKs\RadeonRays\except.h">
      <Filter>Header Files</Filter>
    </ClInclude>
    <ClInclude Include="SDKs\RadeonRays\except_clw.h">
      <Filter>Header Files</Filter>
    </ClInclude>
    <ClInclude Include="SDKs\RadeonRays\except_vk.h">
      <Filter>Header Files</Filter>
    </ClInclude>
    <ClInclude Include="SDKs\RadeonRays\executable.h">
      <Filter>Header Files</Filter>
    </ClInclude>
    <ClInclude Include="SDKs\RadeonRays\executable_vk.h">
      <Filter>Header Files</Filter>
    </ClInclude>
    <ClInclude Include="SDKs\RadeonRays\math\float2.h">
      <Filter>Header Files</Filter>
    </ClInclude>
    <ClInclude Include="SDKs\RadeonRays\math\float3.h">
      <Filter>Header Files</Filter>
    </ClInclude>
    <ClInclude Include="SDKs\RadeonRays\function_vk.h">
      <Filter>Header Files</Filter>
    </ClInclude>
    <ClInclude Include="SDKs\RadeonRays\math\int2.h">
      <Filter>Header Files</Filter>
    </ClInclude>
    <ClInclude Include="SDKs\RadeonRays\math\int3.h">
      <Filter>Header Files</Filter>
    </ClInclude>
    <QtMoc Include="mainwindow.h">
      <Filter>Header Files</Filter>
    </QtMoc>
    <ClInclude Include="SDKs\RadeonRays\math\mathutils.h">
      <Filter>Header Files</Filter>
    </ClInclude>
    <ClInclude Include="SDKs\RadeonRays\math\matrix.h">
      <Filter>Header Files</Filter>
    </ClInclude>
    <QtMoc Include="model.h">
      <Filter>Header Files</Filter>
    </QtMoc>
    <ClInclude Include="SDKs\RadeonRays\primitives.h">
      <Filter>Header Files</Filter>
    </ClInclude>
    <ClInclude Include="SDKs\RadeonRays\math\quaternion.h">
      <Filter>Header Files</Filter>
    </ClInclude>
    <ClInclude Include="SDKs\RadeonRays\radeon_rays.h">
      <Filter>Header Files</Filter>
    </ClInclude>
    <ClInclude Include="SDKs\RadeonRays\radeon_rays_cl.h">
      <Filter>Header Files</Filter>
    </ClInclude>
    <ClInclude Include="SDKs\RadeonRays\radeon_rays_vk.h">
      <Filter>Header Files</Filter>
    </ClInclude>
    <ClInclude Include="SDKs\RadeonRays\math\ray.h">
      <Filter>Header Files</Filter>
    </ClInclude>
    <ClInclude Include="shader.h">
      <Filter>Header Files</Filter>
    </ClInclude>
    <QtMoc Include="texture.h">
      <Filter>Header Files</Filter>
    </QtMoc>
  </ItemGroup>
  <ItemGroup>
    
    
    
    
    <CustomBuild Include="debug\moc_predefs.h.cbt">
      <Filter>Generated Files</Filter>
    </CustomBuild>
    <CustomBuild Include="release\moc_predefs.h.cbt">
      <Filter>Generated Files</Filter>
    </CustomBuild>
    
    
    
  </ItemGroup>
  <ItemGroup>
    <QtUic Include="mainwindow.ui">
      <Filter>Form Files</Filter>
    </QtUic>
  </ItemGroup>
  <ItemGroup>
    <None Include="SDKs\RadeonRays\obj\x64\Release\CLW.tlog\CL.3412.write.1.tlog">
      <Filter>Distribution Files</Filter>
    </None>
    <None Include="SDKs\RadeonRays\obj\x64\Release\CLW.tlog\CL.command.1.tlog">
      <Filter>Distribution Files</Filter>
    </None>
    <None Include="SDKs\RadeonRays\obj\x64\Release\CLW.tlog\CL.read.1.tlog">
      <Filter>Distribution Files</Filter>
    </None>
    <None Include="SDKs\RadeonRays\CL\CLW.cl">
      <Filter>Distribution Files</Filter>
    </None>
    <None Include="SDKs\RadeonRays\obj\x64\Release\CLW.tlog\CLW.lastbuildstate">
      <Filter>Distribution Files</Filter>
    </None>
    <None Include="SDKs\RadeonRays\obj\x64\Release\CLW.log">
      <Filter>Distribution Files</Filter>
    </None>
    <None Include="SDKs\RadeonRays\CLW.lua">
      <Filter>Distribution Files</Filter>
    </None>
    <None Include="SDKs\RadeonRays\obj\x64\Release\CLW.pdb">
      <Filter>Distribution Files</Filter>
    </None>
    <None Include="SDKs\RadeonRays\obj\x64\Release\CLW.tlog\Lib-link.read.1.tlog">
      <Filter>Distribution Files</Filter>
    </None>
    <None Include="SDKs\RadeonRays\obj\x64\Release\CLW.tlog\Lib-link.write.1.tlog">
      <Filter>Distribution Files</Filter>
    </None>
    <None Include="SDKs\RadeonRays\obj\x64\Release\CLW.tlog\Lib.command.1.tlog">
      <Filter>Distribution Files</Filter>
    </None>
    <None Include="SDKs\RadeonRays\RadeonRays.lib">
      <Filter>Distribution Files</Filter>
    </None>
  </ItemGroup>
</Project>