
Microsoft Visual Studio Solution File, Format Version 12.00
# Visual Studio Version 16
VisualStudioVersion = 16.0.30503.244
MinimumVisualStudioVersion = 10.0.40219.1
Project("{8BC9CEB8-8B4A-11D0-8D11-00A0C91BC942}") = "OBJViewer", "OBJViewer.vcxproj", "{5EC58CF1-4DE0-370A-ADB7-9A04F65A539A}"
EndProject
Global
	GlobalSection(SolutionConfigurationPlatforms) = preSolution
		Debug|x64 = Debug|x64
		Release|x64 = Release|x64
	EndGlobalSection
	GlobalSection(ProjectConfigurationPlatforms) = postSolution
		{5EC58CF1-4DE0-370A-ADB7-9A04F65A539A}.Debug|x64.ActiveCfg = Debug|x64
		{5EC58CF1-4DE0-370A-ADB7-9A04F65A539A}.Debug|x64.Build.0 = Debug|x64
		{5EC58CF1-4DE0-370A-ADB7-9A04F65A539A}.Release|x64.ActiveCfg = Release|x64
		{5EC58CF1-4DE0-370A-ADB7-9A04F65A539A}.Release|x64.Build.0 = Release|x64
	EndGlobalSection
	GlobalSection(SolutionProperties) = preSolution
		HideSolutionNode = FALSE
	EndGlobalSection
	GlobalSection(ExtensibilityGlobals) = postSolution
		SolutionGuid = {CBEE5B11-5699-4292-AD5E-9BBB4453C9E6}
	EndGlobalSection
EndGlobal
