<?xml version="1.0" encoding="utf-8"?>
<Project ToolsVersion="4.0" xmlns="http://schemas.microsoft.com/developer/msbuild/2003">
  <ItemGroup>
    <ClCompile Include="main.cpp" />
    <ClCompile Include="shader_manager.cpp" />
    <ClCompile Include="tiny_obj_loader.cpp" />
  </ItemGroup>
  <ItemGroup>
    <ClInclude Include="shader_manager.h" />
    <ClInclude Include="tiny_obj_loader.h" />
  </ItemGroup>
  <ItemGroup>
    <None Include="kernel.cl" />
  </ItemGroup>
</Project>